
Microsoft Visual Studio Solution File, Format Version 12.00
# Visual Studio Version 17
VisualStudioVersion = 17.4.33213.308
MinimumVisualStudioVersion = 10.0.40219.1
Project("{FAE04EC0-301F-11D3-BF4B-00C04F79EFBC}") = "ParcelService", "ParcelService\ParcelService.csproj", "{42E3426F-16D6-438B-823D-3B6B92F1A7E2}"
EndProject
Global
	GlobalSection(SolutionConfigurationPlatforms) = preSolution
		Debug|Any CPU = Debug|Any CPU
		Release|Any CPU = Release|Any CPU
	EndGlobalSection
	GlobalSection(ProjectConfigurationPlatforms) = postSolution
		{42E3426F-16D6-438B-823D-3B6B92F1A7E2}.Debug|Any CPU.ActiveCfg = Debug|Any CPU
		{42E3426F-16D6-438B-823D-3B6B92F1A7E2}.Debug|Any CPU.Build.0 = Debug|Any CPU
		{42E3426F-16D6-438B-823D-3B6B92F1A7E2}.Release|Any CPU.ActiveCfg = Release|Any CPU
		{42E3426F-16D6-438B-823D-3B6B92F1A7E2}.Release|Any CPU.Build.0 = Release|Any CPU
	EndGlobalSection
	GlobalSection(SolutionProperties) = preSolution
		HideSolutionNode = FALSE
	EndGlobalSection
	GlobalSection(ExtensibilityGlobals) = postSolution
		SolutionGuid = {06DE01B9-8E4F-4D97-8E4F-B7160225BA74}
	EndGlobalSection
EndGlobal
